
Microsoft Visual Studio Solution File, Format Version 12.00
# Visual Studio Version 16
VisualStudioVersion = 16.0.31112.23
MinimumVisualStudioVersion = 10.0.40219.1
Project("{9A19103F-16F7-4668-BE54-9A1E7A4F7556}") = "FizzBuzz", "FizzBuzz.csproj", "{874186D7-6473-4F3D-A8F3-7A7E5A1BE142}"
EndProject
Global
	GlobalSection(SolutionConfigurationPlatforms) = preSolution
		Debug|Any CPU = Debug|Any CPU
		Release|Any CPU = Release|Any CPU
	EndGlobalSection
	GlobalSection(ProjectConfigurationPlatforms) = postSolution
		{874186D7-6473-4F3D-A8F3-7A7E5A1BE142}.Debug|Any CPU.ActiveCfg = Debug|Any CPU
		{874186D7-6473-4F3D-A8F3-7A7E5A1BE142}.Debug|Any CPU.Build.0 = Debug|Any CPU
		{874186D7-6473-4F3D-A8F3-7A7E5A1BE142}.Release|Any CPU.ActiveCfg = Release|Any CPU
		{874186D7-6473-4F3D-A8F3-7A7E5A1BE142}.Release|Any CPU.Build.0 = Release|Any CPU
	EndGlobalSection
	GlobalSection(SolutionProperties) = preSolution
		HideSolutionNode = FALSE
	EndGlobalSection
	GlobalSection(ExtensibilityGlobals) = postSolution
		SolutionGuid = {32D4F0FC-699F-4EB2-B8B2-F0CE63BE26BE}
	EndGlobalSection
EndGlobal
